
Microsoft Visual Studio Solution File, Format Version 12.00
# Visual Studio 15
VisualStudioVersion = 15.0.26730.16
MinimumVisualStudioVersion = 10.0.40219.1
Project("{FAE04EC0-301F-11D3-BF4B-00C04F79EFBC}") = "HPYL_API", "TTT\HPYL_API.csproj", "{8A3DC02F-7A33-4A5F-9E07-F9E09536089F}"
EndProject
Project("{2150E333-8FDC-42A3-9474-1A3956D46DE8}") = "数据模型", "数据模型", "{29E03AD4-438B-4794-BC53-698312D5108E}"
EndProject
Project("{2150E333-8FDC-42A3-9474-1A3956D46DE8}") = "业务逻辑", "业务逻辑", "{527D5BBA-0F05-4888-A9C8-6D1D453FF507}"
EndProject
Project("{2150E333-8FDC-42A3-9474-1A3956D46DE8}") = "数据核心", "数据核心", "{56A2ACBD-EDD9-4487-ACE2-96BF02296B1F}"
EndProject
Project("{FAE04EC0-301F-11D3-BF4B-00C04F79EFBC}") = "HPYL.Model", "数据模型\HPYL.Model\HPYL.Model.csproj", "{471D6CE3-9A20-4765-8830-99F6ACA4C548}"
EndProject
Project("{FAE04EC0-301F-11D3-BF4B-00C04F79EFBC}") = "HPYL.BLL", "业务逻辑\HPYL.BLL\HPYL.BLL.csproj", "{8029F222-B491-49A7-B9D8-011A8B769CBB}"
EndProject
Project("{FAE04EC0-301F-11D3-BF4B-00C04F79EFBC}") = "DBUtility", "数据核心\DBUtility\DBUtility.csproj", "{5C70D89A-85FF-404C-9536-BFEEAB3E7FD2}"
EndProject
Project("{FAE04EC0-301F-11D3-BF4B-00C04F79EFBC}") = "HPYL.DAL", "数据核心\HPYL.DAL\HPYL.DAL.csproj", "{01820217-719D-420E-9710-2435FF0456AF}"
EndProject
Project("{FAE04EC0-301F-11D3-BF4B-00C04F79EFBC}") = "HPYL.Common", "数据核心\HPYL.Common\HPYL.Common.csproj", "{D2CDE139-ECE4-486B-A776-7255F3F422CB}"
EndProject
Global
	GlobalSection(SolutionConfigurationPlatforms) = preSolution
		Debug|Any CPU = Debug|Any CPU
		Release|Any CPU = Release|Any CPU
	EndGlobalSection
	GlobalSection(ProjectConfigurationPlatforms) = postSolution
		{8A3DC02F-7A33-4A5F-9E07-F9E09536089F}.Debug|Any CPU.ActiveCfg = Debug|Any CPU
		{8A3DC02F-7A33-4A5F-9E07-F9E09536089F}.Debug|Any CPU.Build.0 = Debug|Any CPU
		{8A3DC02F-7A33-4A5F-9E07-F9E09536089F}.Release|Any CPU.ActiveCfg = Release|Any CPU
		{8A3DC02F-7A33-4A5F-9E07-F9E09536089F}.Release|Any CPU.Build.0 = Release|Any CPU
		{471D6CE3-9A20-4765-8830-99F6ACA4C548}.Debug|Any CPU.ActiveCfg = Debug|Any CPU
		{471D6CE3-9A20-4765-8830-99F6ACA4C548}.Debug|Any CPU.Build.0 = Debug|Any CPU
		{471D6CE3-9A20-4765-8830-99F6ACA4C548}.Release|Any CPU.ActiveCfg = Release|Any CPU
		{471D6CE3-9A20-4765-8830-99F6ACA4C548}.Release|Any CPU.Build.0 = Release|Any CPU
		{8029F222-B491-49A7-B9D8-011A8B769CBB}.Debug|Any CPU.ActiveCfg = Debug|Any CPU
		{8029F222-B491-49A7-B9D8-011A8B769CBB}.Debug|Any CPU.Build.0 = Debug|Any CPU
		{8029F222-B491-49A7-B9D8-011A8B769CBB}.Release|Any CPU.ActiveCfg = Release|Any CPU
		{8029F222-B491-49A7-B9D8-011A8B769CBB}.Release|Any CPU.Build.0 = Release|Any CPU
		{5C70D89A-85FF-404C-9536-BFEEAB3E7FD2}.Debug|Any CPU.ActiveCfg = Debug|Any CPU
		{5C70D89A-85FF-404C-9536-BFEEAB3E7FD2}.Debug|Any CPU.Build.0 = Debug|Any CPU
		{5C70D89A-85FF-404C-9536-BFEEAB3E7FD2}.Release|Any CPU.ActiveCfg = Release|Any CPU
		{5C70D89A-85FF-404C-9536-BFEEAB3E7FD2}.Release|Any CPU.Build.0 = Release|Any CPU
		{01820217-719D-420E-9710-2435FF0456AF}.Debug|Any CPU.ActiveCfg = Debug|Any CPU
		{01820217-719D-420E-9710-2435FF0456AF}.Debug|Any CPU.Build.0 = Debug|Any CPU
		{01820217-719D-420E-9710-2435FF0456AF}.Release|Any CPU.ActiveCfg = Release|Any CPU
		{01820217-719D-420E-9710-2435FF0456AF}.Release|Any CPU.Build.0 = Release|Any CPU
		{D2CDE139-ECE4-486B-A776-7255F3F422CB}.Debug|Any CPU.ActiveCfg = Debug|Any CPU
		{D2CDE139-ECE4-486B-A776-7255F3F422CB}.Debug|Any CPU.Build.0 = Debug|Any CPU
		{D2CDE139-ECE4-486B-A776-7255F3F422CB}.Release|Any CPU.ActiveCfg = Release|Any CPU
		{D2CDE139-ECE4-486B-A776-7255F3F422CB}.Release|Any CPU.Build.0 = Release|Any CPU
	EndGlobalSection
	GlobalSection(SolutionProperties) = preSolution
		HideSolutionNode = FALSE
	EndGlobalSection
	GlobalSection(NestedProjects) = preSolution
		{471D6CE3-9A20-4765-8830-99F6ACA4C548} = {29E03AD4-438B-4794-BC53-698312D5108E}
		{8029F222-B491-49A7-B9D8-011A8B769CBB} = {527D5BBA-0F05-4888-A9C8-6D1D453FF507}
		{5C70D89A-85FF-404C-9536-BFEEAB3E7FD2} = {56A2ACBD-EDD9-4487-ACE2-96BF02296B1F}
		{01820217-719D-420E-9710-2435FF0456AF} = {56A2ACBD-EDD9-4487-ACE2-96BF02296B1F}
		{D2CDE139-ECE4-486B-A776-7255F3F422CB} = {56A2ACBD-EDD9-4487-ACE2-96BF02296B1F}
	EndGlobalSection
	GlobalSection(ExtensibilityGlobals) = postSolution
		SolutionGuid = {ABAF47CA-9D53-4E8A-9702-BE66437CD00D}
	EndGlobalSection
EndGlobal
