
Microsoft Visual Studio Solution File, Format Version 12.00
# Visual Studio 15
VisualStudioVersion = 15.0.26730.16
MinimumVisualStudioVersion = 10.0.40219.1
Project("{FAE04EC0-301F-11D3-BF4B-00C04F79EFBC}") = "TTT", "TTT\TTT.csproj", "{8A3DC02F-7A33-4A5F-9E07-F9E09536089F}"
EndProject
Global
	GlobalSection(SolutionConfigurationPlatforms) = preSolution
		Debug|Any CPU = Debug|Any CPU
		Release|Any CPU = Release|Any CPU
	EndGlobalSection
	GlobalSection(ProjectConfigurationPlatforms) = postSolution
		{8A3DC02F-7A33-4A5F-9E07-F9E09536089F}.Debug|Any CPU.ActiveCfg = Debug|Any CPU
		{8A3DC02F-7A33-4A5F-9E07-F9E09536089F}.Debug|Any CPU.Build.0 = Debug|Any CPU
		{8A3DC02F-7A33-4A5F-9E07-F9E09536089F}.Release|Any CPU.ActiveCfg = Release|Any CPU
		{8A3DC02F-7A33-4A5F-9E07-F9E09536089F}.Release|Any CPU.Build.0 = Release|Any CPU
	EndGlobalSection
	GlobalSection(SolutionProperties) = preSolution
		HideSolutionNode = FALSE
	EndGlobalSection
	GlobalSection(ExtensibilityGlobals) = postSolution
		SolutionGuid = {ABAF47CA-9D53-4E8A-9702-BE66437CD00D}
	EndGlobalSection
EndGlobal
